github.com/chargehive/sdk-go-core v0.0.0-20220825102355-cdf59eaa9e78 h1:Z/IlCBmjx+vd3/eWrjHL59aZf9mn+ajHYAcLun0bZjg=
github.com/chargehive/sdk-go-core v0.0.0-20220825102355-cdf59eaa9e78/go.mod h1:7jiTqra66VGfgyFnyvmwIXEmcV1LtBJLIXVdv8hHQro=
github.com/chargehive/sdk-go-core v0.0.0-20220825134804-4885439f6c55 h1:oVeoD18ggbt6YcZS8QdeaLsrHEhH0znTEqC6XKTwKJU=
github.com/chargehive/sdk-go-core v0.0.0-20220825134804-4885439f6c55/go.mod h1:7jiTqra66VGfgyFnyvmwIXEmcV1LtBJLIXVdv8hHQro=
